
Microsoft Visual Studio Solution File, Format Version 12.00
# Visual Studio 15
VisualStudioVersion = 15.0.27130.0
MinimumVisualStudioVersion = 10.0.40219.1
Project("{00D1A9C2-B5F0-4AF3-8072-F6C62B433612}") = "GoodData", "GoodData\GoodData.sqlproj", "{87BDFDE4-F733-44F2-B99A-FB89284C029D}"
EndProject
Global
	GlobalSection(SolutionConfigurationPlatforms) = preSolution
		Debug|Any CPU = Debug|Any CPU
		Release|Any CPU = Release|Any CPU
	EndGlobalSection
	GlobalSection(ProjectConfigurationPlatforms) = postSolution
		{87BDFDE4-F733-44F2-B99A-FB89284C029D}.Debug|Any CPU.ActiveCfg = Debug|Any CPU
		{87BDFDE4-F733-44F2-B99A-FB89284C029D}.Debug|Any CPU.Build.0 = Debug|Any CPU
		{87BDFDE4-F733-44F2-B99A-FB89284C029D}.Debug|Any CPU.Deploy.0 = Debug|Any CPU
		{87BDFDE4-F733-44F2-B99A-FB89284C029D}.Release|Any CPU.ActiveCfg = Release|Any CPU
		{87BDFDE4-F733-44F2-B99A-FB89284C029D}.Release|Any CPU.Build.0 = Release|Any CPU
		{87BDFDE4-F733-44F2-B99A-FB89284C029D}.Release|Any CPU.Deploy.0 = Release|Any CPU
	EndGlobalSection
	GlobalSection(SolutionProperties) = preSolution
		HideSolutionNode = FALSE
	EndGlobalSection
	GlobalSection(ExtensibilityGlobals) = postSolution
		SolutionGuid = {35198B48-2265-4820-A249-16CC6FC7BFD6}
	EndGlobalSection
EndGlobal
